
Microsoft Visual Studio Solution File, Format Version 12.00
# Visual Studio Version 17
VisualStudioVersion = 17.7.34024.191
MinimumVisualStudioVersion = 10.0.40219.1
Project("{8BC9CEB8-8B4A-11D0-8D11-00A0C91BC942}") = "OOP_C++", "OOP_C++\OOP_C++.vcxproj", "{C97F5A8E-2AD7-449E-9EB1-BB242380FF5F}"
EndProject
Project("{8BC9CEB8-8B4A-11D0-8D11-00A0C91BC942}") = "Dec_OOP", "Dec_OOP\Dec_OOP.vcxproj", "{01A757CD-7C09-4A61-A91E-BDEC1FF9004C}"
EndProject
Project("{8BC9CEB8-8B4A-11D0-8D11-00A0C91BC942}") = "Dynamic_class", "Dynamic_class\Dynamic_class.vcxproj", "{73FECEAA-EE44-4CE2-B7CD-48FDE82E67E8}"
EndProject
Project("{8BC9CEB8-8B4A-11D0-8D11-00A0C91BC942}") = "Classork_Date_operator", "Classork_Date_operator\Classork_Date_operator.vcxproj", "{11ADB73C-9B16-46D8-9151-832256C823D0}"
EndProject
Project("{8BC9CEB8-8B4A-11D0-8D11-00A0C91BC942}") = "Overload++", "Overload++\Overload++.vcxproj", "{2AD6A1DA-388A-4DE1-AF05-910F47F6CB0A}"
EndProject
Project("{8BC9CEB8-8B4A-11D0-8D11-00A0C91BC942}") = "template_matrix", "template_matrix\template_matrix.vcxproj", "{188552C4-A857-49D2-902C-1128F8FB6D60}"
EndProject
Project("{8BC9CEB8-8B4A-11D0-8D11-00A0C91BC942}") = "PQueue", "PQueue\PQueue.vcxproj", "{22D2B3D9-14B2-4D8B-B809-4CCD7D791E69}"
EndProject
Project("{8BC9CEB8-8B4A-11D0-8D11-00A0C91BC942}") = "Flist", "Flist\Flist.vcxproj", "{EE5431CE-9C40-4A3A-B99F-8D616AD0BB6F}"
EndProject
Project("{8BC9CEB8-8B4A-11D0-8D11-00A0C91BC942}") = "DoubleList", "DoubleList\DoubleList.vcxproj", "{75E3E472-EF38-4042-9B37-70FDA593D1E5}"
EndProject
Project("{8BC9CEB8-8B4A-11D0-8D11-00A0C91BC942}") = "DoubleList_Array", "DoubleList_Array\DoubleList_Array.vcxproj", "{63DDA726-7FA9-46FE-8337-6C1169ED6EC2}"
EndProject
Project("{8BC9CEB8-8B4A-11D0-8D11-00A0C91BC942}") = "Binary_Tree", "Binary_Tree\Binary_Tree.vcxproj", "{2271CE64-AC04-4B3B-83DE-BC93B409E39B}"
EndProject
Project("{8BC9CEB8-8B4A-11D0-8D11-00A0C91BC942}") = "imitation", "imitation\imitation.vcxproj", "{F461246C-C2CD-4B53-815F-00B126D339B0}"
EndProject
Project("{8BC9CEB8-8B4A-11D0-8D11-00A0C91BC942}") = "Zoo", "Zoo\Zoo.vcxproj", "{E67F933A-1407-47EC-BCD9-6CFF4E5C05F4}"
EndProject
Project("{8BC9CEB8-8B4A-11D0-8D11-00A0C91BC942}") = "main_Shape", "main_Shape\main_Shape.vcxproj", "{989E061C-2153-4A51-8E3E-E6AAD729D307}"
EndProject
Project("{8BC9CEB8-8B4A-11D0-8D11-00A0C91BC942}") = "Casting", "Casting\Casting.vcxproj", "{1F478888-C14D-43D0-8E66-ED59DC4511C3}"
EndProject
Project("{8BC9CEB8-8B4A-11D0-8D11-00A0C91BC942}") = "Interfaces", "Interfaces\Interfaces.vcxproj", "{B68AAE18-AB7C-4D4A-BE80-42A3F1312A8A}"
EndProject
Project("{8BC9CEB8-8B4A-11D0-8D11-00A0C91BC942}") = "Exception", "Exception\Exception.vcxproj", "{268E57D7-A2F6-47A5-9D94-CD2A24853ACB}"
EndProject
Project("{8BC9CEB8-8B4A-11D0-8D11-00A0C91BC942}") = "BinaryFiles", "BinaryFiles\BinaryFiles.vcxproj", "{D727EADF-A7D4-4897-8FFF-CCE92346E085}"
EndProject
Project("{8BC9CEB8-8B4A-11D0-8D11-00A0C91BC942}") = "namespaces_Home", "namespaces_Home\namespaces_Home.vcxproj", "{7400162C-526E-4DBE-B23F-F5FEE9523BAE}"
EndProject
Project("{8BC9CEB8-8B4A-11D0-8D11-00A0C91BC942}") = "STL", "STL\STL.vcxproj", "{917795D8-86CB-420B-A6A3-E2B8C3B2AB79}"
EndProject
Project("{8BC9CEB8-8B4A-11D0-8D11-00A0C91BC942}") = "Container_List", "Container_List\Container_List.vcxproj", "{D9A0AF40-1A28-4919-B1FD-C3E1A2188851}"
EndProject
Project("{8BC9CEB8-8B4A-11D0-8D11-00A0C91BC942}") = "CourseWork", "CourseWork\CourseWork.vcxproj", "{5376D755-9274-4E8F-88CF-9EF182B41CE4}"
EndProject
Global
	GlobalSection(SolutionConfigurationPlatforms) = preSolution
		Debug|x64 = Debug|x64
		Debug|x86 = Debug|x86
		Release|x64 = Release|x64
		Release|x86 = Release|x86
	EndGlobalSection
	GlobalSection(ProjectConfigurationPlatforms) = postSolution
		{C97F5A8E-2AD7-449E-9EB1-BB242380FF5F}.Debug|x64.ActiveCfg = Debug|x64
		{C97F5A8E-2AD7-449E-9EB1-BB242380FF5F}.Debug|x64.Build.0 = Debug|x64
		{C97F5A8E-2AD7-449E-9EB1-BB242380FF5F}.Debug|x86.ActiveCfg = Debug|Win32
		{C97F5A8E-2AD7-449E-9EB1-BB242380FF5F}.Debug|x86.Build.0 = Debug|Win32
		{C97F5A8E-2AD7-449E-9EB1-BB242380FF5F}.Release|x64.ActiveCfg = Release|x64
		{C97F5A8E-2AD7-449E-9EB1-BB242380FF5F}.Release|x64.Build.0 = Release|x64
		{C97F5A8E-2AD7-449E-9EB1-BB242380FF5F}.Release|x86.ActiveCfg = Release|Win32
		{C97F5A8E-2AD7-449E-9EB1-BB242380FF5F}.Release|x86.Build.0 = Release|Win32
		{01A757CD-7C09-4A61-A91E-BDEC1FF9004C}.Debug|x64.ActiveCfg = Debug|x64
		{01A757CD-7C09-4A61-A91E-BDEC1FF9004C}.Debug|x64.Build.0 = Debug|x64
		{01A757CD-7C09-4A61-A91E-BDEC1FF9004C}.Debug|x86.ActiveCfg = Debug|Win32
		{01A757CD-7C09-4A61-A91E-BDEC1FF9004C}.Debug|x86.Build.0 = Debug|Win32
		{01A757CD-7C09-4A61-A91E-BDEC1FF9004C}.Release|x64.ActiveCfg = Release|x64
		{01A757CD-7C09-4A61-A91E-BDEC1FF9004C}.Release|x64.Build.0 = Release|x64
		{01A757CD-7C09-4A61-A91E-BDEC1FF9004C}.Release|x86.ActiveCfg = Release|Win32
		{01A757CD-7C09-4A61-A91E-BDEC1FF9004C}.Release|x86.Build.0 = Release|Win32
		{73FECEAA-EE44-4CE2-B7CD-48FDE82E67E8}.Debug|x64.ActiveCfg = Debug|x64
		{73FECEAA-EE44-4CE2-B7CD-48FDE82E67E8}.Debug|x64.Build.0 = Debug|x64
		{73FECEAA-EE44-4CE2-B7CD-48FDE82E67E8}.Debug|x86.ActiveCfg = Debug|Win32
		{73FECEAA-EE44-4CE2-B7CD-48FDE82E67E8}.Debug|x86.Build.0 = Debug|Win32
		{73FECEAA-EE44-4CE2-B7CD-48FDE82E67E8}.Release|x64.ActiveCfg = Release|x64
		{73FECEAA-EE44-4CE2-B7CD-48FDE82E67E8}.Release|x64.Build.0 = Release|x64
		{73FECEAA-EE44-4CE2-B7CD-48FDE82E67E8}.Release|x86.ActiveCfg = Release|Win32
		{73FECEAA-EE44-4CE2-B7CD-48FDE82E67E8}.Release|x86.Build.0 = Release|Win32
		{11ADB73C-9B16-46D8-9151-832256C823D0}.Debug|x64.ActiveCfg = Debug|x64
		{11ADB73C-9B16-46D8-9151-832256C823D0}.Debug|x64.Build.0 = Debug|x64
		{11ADB73C-9B16-46D8-9151-832256C823D0}.Debug|x86.ActiveCfg = Debug|Win32
		{11ADB73C-9B16-46D8-9151-832256C823D0}.Debug|x86.Build.0 = Debug|Win32
		{11ADB73C-9B16-46D8-9151-832256C823D0}.Release|x64.ActiveCfg = Release|x64
		{11ADB73C-9B16-46D8-9151-832256C823D0}.Release|x64.Build.0 = Release|x64
		{11ADB73C-9B16-46D8-9151-832256C823D0}.Release|x86.ActiveCfg = Release|Win32
		{11ADB73C-9B16-46D8-9151-832256C823D0}.Release|x86.Build.0 = Release|Win32
		{2AD6A1DA-388A-4DE1-AF05-910F47F6CB0A}.Debug|x64.ActiveCfg = Debug|x64
		{2AD6A1DA-388A-4DE1-AF05-910F47F6CB0A}.Debug|x64.Build.0 = Debug|x64
		{2AD6A1DA-388A-4DE1-AF05-910F47F6CB0A}.Debug|x86.ActiveCfg = Debug|Win32
		{2AD6A1DA-388A-4DE1-AF05-910F47F6CB0A}.Debug|x86.Build.0 = Debug|Win32
		{2AD6A1DA-388A-4DE1-AF05-910F47F6CB0A}.Release|x64.ActiveCfg = Release|x64
		{2AD6A1DA-388A-4DE1-AF05-910F47F6CB0A}.Release|x64.Build.0 = Release|x64
		{2AD6A1DA-388A-4DE1-AF05-910F47F6CB0A}.Release|x86.ActiveCfg = Release|Win32
		{2AD6A1DA-388A-4DE1-AF05-910F47F6CB0A}.Release|x86.Build.0 = Release|Win32
		{188552C4-A857-49D2-902C-1128F8FB6D60}.Debug|x64.ActiveCfg = Debug|x64
		{188552C4-A857-49D2-902C-1128F8FB6D60}.Debug|x64.Build.0 = Debug|x64
		{188552C4-A857-49D2-902C-1128F8FB6D60}.Debug|x86.ActiveCfg = Debug|Win32
		{188552C4-A857-49D2-902C-1128F8FB6D60}.Debug|x86.Build.0 = Debug|Win32
		{188552C4-A857-49D2-902C-1128F8FB6D60}.Release|x64.ActiveCfg = Release|x64
		{188552C4-A857-49D2-902C-1128F8FB6D60}.Release|x64.Build.0 = Release|x64
		{188552C4-A857-49D2-902C-1128F8FB6D60}.Release|x86.ActiveCfg = Release|Win32
		{188552C4-A857-49D2-902C-1128F8FB6D60}.Release|x86.Build.0 = Release|Win32
		{22D2B3D9-14B2-4D8B-B809-4CCD7D791E69}.Debug|x64.ActiveCfg = Debug|x64
		{22D2B3D9-14B2-4D8B-B809-4CCD7D791E69}.Debug|x64.Build.0 = Debug|x64
		{22D2B3D9-14B2-4D8B-B809-4CCD7D791E69}.Debug|x86.ActiveCfg = Debug|Win32
		{22D2B3D9-14B2-4D8B-B809-4CCD7D791E69}.Debug|x86.Build.0 = Debug|Win32
		{22D2B3D9-14B2-4D8B-B809-4CCD7D791E69}.Release|x64.ActiveCfg = Release|x64
		{22D2B3D9-14B2-4D8B-B809-4CCD7D791E69}.Release|x64.Build.0 = Release|x64
		{22D2B3D9-14B2-4D8B-B809-4CCD7D791E69}.Release|x86.ActiveCfg = Release|Win32
		{22D2B3D9-14B2-4D8B-B809-4CCD7D791E69}.Release|x86.Build.0 = Release|Win32
		{EE5431CE-9C40-4A3A-B99F-8D616AD0BB6F}.Debug|x64.ActiveCfg = Debug|x64
		{EE5431CE-9C40-4A3A-B99F-8D616AD0BB6F}.Debug|x64.Build.0 = Debug|x64
		{EE5431CE-9C40-4A3A-B99F-8D616AD0BB6F}.Debug|x86.ActiveCfg = Debug|Win32
		{EE5431CE-9C40-4A3A-B99F-8D616AD0BB6F}.Debug|x86.Build.0 = Debug|Win32
		{EE5431CE-9C40-4A3A-B99F-8D616AD0BB6F}.Release|x64.ActiveCfg = Release|x64
		{EE5431CE-9C40-4A3A-B99F-8D616AD0BB6F}.Release|x64.Build.0 = Release|x64
		{EE5431CE-9C40-4A3A-B99F-8D616AD0BB6F}.Release|x86.ActiveCfg = Release|Win32
		{EE5431CE-9C40-4A3A-B99F-8D616AD0BB6F}.Release|x86.Build.0 = Release|Win32
		{75E3E472-EF38-4042-9B37-70FDA593D1E5}.Debug|x64.ActiveCfg = Debug|x64
		{75E3E472-EF38-4042-9B37-70FDA593D1E5}.Debug|x64.Build.0 = Debug|x64
		{75E3E472-EF38-4042-9B37-70FDA593D1E5}.Debug|x86.ActiveCfg = Debug|Win32
		{75E3E472-EF38-4042-9B37-70FDA593D1E5}.Debug|x86.Build.0 = Debug|Win32
		{75E3E472-EF38-4042-9B37-70FDA593D1E5}.Release|x64.ActiveCfg = Release|x64
		{75E3E472-EF38-4042-9B37-70FDA593D1E5}.Release|x64.Build.0 = Release|x64
		{75E3E472-EF38-4042-9B37-70FDA593D1E5}.Release|x86.ActiveCfg = Release|Win32
		{75E3E472-EF38-4042-9B37-70FDA593D1E5}.Release|x86.Build.0 = Release|Win32
		{63DDA726-7FA9-46FE-8337-6C1169ED6EC2}.Debug|x64.ActiveCfg = Debug|x64
		{63DDA726-7FA9-46FE-8337-6C1169ED6EC2}.Debug|x64.Build.0 = Debug|x64
		{63DDA726-7FA9-46FE-8337-6C1169ED6EC2}.Debug|x86.ActiveCfg = Debug|Win32
		{63DDA726-7FA9-46FE-8337-6C1169ED6EC2}.Debug|x86.Build.0 = Debug|Win32
		{63DDA726-7FA9-46FE-8337-6C1169ED6EC2}.Release|x64.ActiveCfg = Release|x64
		{63DDA726-7FA9-46FE-8337-6C1169ED6EC2}.Release|x64.Build.0 = Release|x64
		{63DDA726-7FA9-46FE-8337-6C1169ED6EC2}.Release|x86.ActiveCfg = Release|Win32
		{63DDA726-7FA9-46FE-8337-6C1169ED6EC2}.Release|x86.Build.0 = Release|Win32
		{2271CE64-AC04-4B3B-83DE-BC93B409E39B}.Debug|x64.ActiveCfg = Debug|x64
		{2271CE64-AC04-4B3B-83DE-BC93B409E39B}.Debug|x64.Build.0 = Debug|x64
		{2271CE64-AC04-4B3B-83DE-BC93B409E39B}.Debug|x86.ActiveCfg = Debug|Win32
		{2271CE64-AC04-4B3B-83DE-BC93B409E39B}.Debug|x86.Build.0 = Debug|Win32
		{2271CE64-AC04-4B3B-83DE-BC93B409E39B}.Release|x64.ActiveCfg = Release|x64
		{2271CE64-AC04-4B3B-83DE-BC93B409E39B}.Release|x64.Build.0 = Release|x64
		{2271CE64-AC04-4B3B-83DE-BC93B409E39B}.Release|x86.ActiveCfg = Release|Win32
		{2271CE64-AC04-4B3B-83DE-BC93B409E39B}.Release|x86.Build.0 = Release|Win32
		{F461246C-C2CD-4B53-815F-00B126D339B0}.Debug|x64.ActiveCfg = Debug|x64
		{F461246C-C2CD-4B53-815F-00B126D339B0}.Debug|x64.Build.0 = Debug|x64
		{F461246C-C2CD-4B53-815F-00B126D339B0}.Debug|x86.ActiveCfg = Debug|Win32
		{F461246C-C2CD-4B53-815F-00B126D339B0}.Debug|x86.Build.0 = Debug|Win32
		{F461246C-C2CD-4B53-815F-00B126D339B0}.Release|x64.ActiveCfg = Release|x64
		{F461246C-C2CD-4B53-815F-00B126D339B0}.Release|x64.Build.0 = Release|x64
		{F461246C-C2CD-4B53-815F-00B126D339B0}.Release|x86.ActiveCfg = Release|Win32
		{F461246C-C2CD-4B53-815F-00B126D339B0}.Release|x86.Build.0 = Release|Win32
		{E67F933A-1407-47EC-BCD9-6CFF4E5C05F4}.Debug|x64.ActiveCfg = Debug|x64
		{E67F933A-1407-47EC-BCD9-6CFF4E5C05F4}.Debug|x64.Build.0 = Debug|x64
		{E67F933A-1407-47EC-BCD9-6CFF4E5C05F4}.Debug|x86.ActiveCfg = Debug|Win32
		{E67F933A-1407-47EC-BCD9-6CFF4E5C05F4}.Debug|x86.Build.0 = Debug|Win32
		{E67F933A-1407-47EC-BCD9-6CFF4E5C05F4}.Release|x64.ActiveCfg = Release|x64
		{E67F933A-1407-47EC-BCD9-6CFF4E5C05F4}.Release|x64.Build.0 = Release|x64
		{E67F933A-1407-47EC-BCD9-6CFF4E5C05F4}.Release|x86.ActiveCfg = Release|Win32
		{E67F933A-1407-47EC-BCD9-6CFF4E5C05F4}.Release|x86.Build.0 = Release|Win32
		{989E061C-2153-4A51-8E3E-E6AAD729D307}.Debug|x64.ActiveCfg = Debug|x64
		{989E061C-2153-4A51-8E3E-E6AAD729D307}.Debug|x64.Build.0 = Debug|x64
		{989E061C-2153-4A51-8E3E-E6AAD729D307}.Debug|x86.ActiveCfg = Debug|Win32
		{989E061C-2153-4A51-8E3E-E6AAD729D307}.Debug|x86.Build.0 = Debug|Win32
		{989E061C-2153-4A51-8E3E-E6AAD729D307}.Release|x64.ActiveCfg = Release|x64
		{989E061C-2153-4A51-8E3E-E6AAD729D307}.Release|x64.Build.0 = Release|x64
		{989E061C-2153-4A51-8E3E-E6AAD729D307}.Release|x86.ActiveCfg = Release|Win32
		{989E061C-2153-4A51-8E3E-E6AAD729D307}.Release|x86.Build.0 = Release|Win32
		{1F478888-C14D-43D0-8E66-ED59DC4511C3}.Debug|x64.ActiveCfg = Debug|x64
		{1F478888-C14D-43D0-8E66-ED59DC4511C3}.Debug|x64.Build.0 = Debug|x64
		{1F478888-C14D-43D0-8E66-ED59DC4511C3}.Debug|x86.ActiveCfg = Debug|Win32
		{1F478888-C14D-43D0-8E66-ED59DC4511C3}.Debug|x86.Build.0 = Debug|Win32
		{1F478888-C14D-43D0-8E66-ED59DC4511C3}.Release|x64.ActiveCfg = Release|x64
		{1F478888-C14D-43D0-8E66-ED59DC4511C3}.Release|x64.Build.0 = Release|x64
		{1F478888-C14D-43D0-8E66-ED59DC4511C3}.Release|x86.ActiveCfg = Release|Win32
		{1F478888-C14D-43D0-8E66-ED59DC4511C3}.Release|x86.Build.0 = Release|Win32
		{B68AAE18-AB7C-4D4A-BE80-42A3F1312A8A}.Debug|x64.ActiveCfg = Debug|x64
		{B68AAE18-AB7C-4D4A-BE80-42A3F1312A8A}.Debug|x64.Build.0 = Debug|x64
		{B68AAE18-AB7C-4D4A-BE80-42A3F1312A8A}.Debug|x86.ActiveCfg = Debug|Win32
		{B68AAE18-AB7C-4D4A-BE80-42A3F1312A8A}.Debug|x86.Build.0 = Debug|Win32
		{B68AAE18-AB7C-4D4A-BE80-42A3F1312A8A}.Release|x64.ActiveCfg = Release|x64
		{B68AAE18-AB7C-4D4A-BE80-42A3F1312A8A}.Release|x64.Build.0 = Release|x64
		{B68AAE18-AB7C-4D4A-BE80-42A3F1312A8A}.Release|x86.ActiveCfg = Release|Win32
		{B68AAE18-AB7C-4D4A-BE80-42A3F1312A8A}.Release|x86.Build.0 = Release|Win32
		{268E57D7-A2F6-47A5-9D94-CD2A24853ACB}.Debug|x64.ActiveCfg = Debug|x64
		{268E57D7-A2F6-47A5-9D94-CD2A24853ACB}.Debug|x64.Build.0 = Debug|x64
		{268E57D7-A2F6-47A5-9D94-CD2A24853ACB}.Debug|x86.ActiveCfg = Debug|Win32
		{268E57D7-A2F6-47A5-9D94-CD2A24853ACB}.Debug|x86.Build.0 = Debug|Win32
		{268E57D7-A2F6-47A5-9D94-CD2A24853ACB}.Release|x64.ActiveCfg = Release|x64
		{268E57D7-A2F6-47A5-9D94-CD2A24853ACB}.Release|x64.Build.0 = Release|x64
		{268E57D7-A2F6-47A5-9D94-CD2A24853ACB}.Release|x86.ActiveCfg = Release|Win32
		{268E57D7-A2F6-47A5-9D94-CD2A24853ACB}.Release|x86.Build.0 = Release|Win32
		{D727EADF-A7D4-4897-8FFF-CCE92346E085}.Debug|x64.ActiveCfg = Debug|x64
		{D727EADF-A7D4-4897-8FFF-CCE92346E085}.Debug|x64.Build.0 = Debug|x64
		{D727EADF-A7D4-4897-8FFF-CCE92346E085}.Debug|x86.ActiveCfg = Debug|Win32
		{D727EADF-A7D4-4897-8FFF-CCE92346E085}.Debug|x86.Build.0 = Debug|Win32
		{D727EADF-A7D4-4897-8FFF-CCE92346E085}.Release|x64.ActiveCfg = Release|x64
		{D727EADF-A7D4-4897-8FFF-CCE92346E085}.Release|x64.Build.0 = Release|x64
		{D727EADF-A7D4-4897-8FFF-CCE92346E085}.Release|x86.ActiveCfg = Release|Win32
		{D727EADF-A7D4-4897-8FFF-CCE92346E085}.Release|x86.Build.0 = Release|Win32
		{7400162C-526E-4DBE-B23F-F5FEE9523BAE}.Debug|x64.ActiveCfg = Debug|x64
		{7400162C-526E-4DBE-B23F-F5FEE9523BAE}.Debug|x64.Build.0 = Debug|x64
		{7400162C-526E-4DBE-B23F-F5FEE9523BAE}.Debug|x86.ActiveCfg = Debug|Win32
		{7400162C-526E-4DBE-B23F-F5FEE9523BAE}.Debug|x86.Build.0 = Debug|Win32
		{7400162C-526E-4DBE-B23F-F5FEE9523BAE}.Release|x64.ActiveCfg = Release|x64
		{7400162C-526E-4DBE-B23F-F5FEE9523BAE}.Release|x64.Build.0 = Release|x64
		{7400162C-526E-4DBE-B23F-F5FEE9523BAE}.Release|x86.ActiveCfg = Release|Win32
		{7400162C-526E-4DBE-B23F-F5FEE9523BAE}.Release|x86.Build.0 = Release|Win32
		{917795D8-86CB-420B-A6A3-E2B8C3B2AB79}.Debug|x64.ActiveCfg = Debug|x64
		{917795D8-86CB-420B-A6A3-E2B8C3B2AB79}.Debug|x64.Build.0 = Debug|x64
		{917795D8-86CB-420B-A6A3-E2B8C3B2AB79}.Debug|x86.ActiveCfg = Debug|Win32
		{917795D8-86CB-420B-A6A3-E2B8C3B2AB79}.Debug|x86.Build.0 = Debug|Win32
		{917795D8-86CB-420B-A6A3-E2B8C3B2AB79}.Release|x64.ActiveCfg = Release|x64
		{917795D8-86CB-420B-A6A3-E2B8C3B2AB79}.Release|x64.Build.0 = Release|x64
		{917795D8-86CB-420B-A6A3-E2B8C3B2AB79}.Release|x86.ActiveCfg = Release|Win32
		{917795D8-86CB-420B-A6A3-E2B8C3B2AB79}.Release|x86.Build.0 = Release|Win32
		{D9A0AF40-1A28-4919-B1FD-C3E1A2188851}.Debug|x64.ActiveCfg = Debug|x64
		{D9A0AF40-1A28-4919-B1FD-C3E1A2188851}.Debug|x64.Build.0 = Debug|x64
		{D9A0AF40-1A28-4919-B1FD-C3E1A2188851}.Debug|x86.ActiveCfg = Debug|Win32
		{D9A0AF40-1A28-4919-B1FD-C3E1A2188851}.Debug|x86.Build.0 = Debug|Win32
		{D9A0AF40-1A28-4919-B1FD-C3E1A2188851}.Release|x64.ActiveCfg = Release|x64
		{D9A0AF40-1A28-4919-B1FD-C3E1A2188851}.Release|x64.Build.0 = Release|x64
		{D9A0AF40-1A28-4919-B1FD-C3E1A2188851}.Release|x86.ActiveCfg = Release|Win32
		{D9A0AF40-1A28-4919-B1FD-C3E1A2188851}.Release|x86.Build.0 = Release|Win32
		{5376D755-9274-4E8F-88CF-9EF182B41CE4}.Debug|x64.ActiveCfg = Debug|x64
		{5376D755-9274-4E8F-88CF-9EF182B41CE4}.Debug|x64.Build.0 = Debug|x64
		{5376D755-9274-4E8F-88CF-9EF182B41CE4}.Debug|x86.ActiveCfg = Debug|Win32
		{5376D755-9274-4E8F-88CF-9EF182B41CE4}.Debug|x86.Build.0 = Debug|Win32
		{5376D755-9274-4E8F-88CF-9EF182B41CE4}.Release|x64.ActiveCfg = Release|x64
		{5376D755-9274-4E8F-88CF-9EF182B41CE4}.Release|x64.Build.0 = Release|x64
		{5376D755-9274-4E8F-88CF-9EF182B41CE4}.Release|x86.ActiveCfg = Release|Win32
		{5376D755-9274-4E8F-88CF-9EF182B41CE4}.Release|x86.Build.0 = Release|Win32
	EndGlobalSection
	GlobalSection(SolutionProperties) = preSolution
		HideSolutionNode = FALSE
	EndGlobalSection
	GlobalSection(ExtensibilityGlobals) = postSolution
		SolutionGuid = {02E507E8-80A0-4EED-A410-57E8E7C0A919}
	EndGlobalSection
EndGlobal
